
Microsoft Visual Studio Solution File, Format Version 12.00
# Visual Studio Version 16
VisualStudioVersion = 16.0.30330.147
MinimumVisualStudioVersion = 10.0.40219.1
Project("{FAE04EC0-301F-11D3-BF4B-00C04F79EFBC}") = "RstCountry", "RstCountry\RstCountry.csproj", "{BFEFB936-5FE6-44F4-87BC-1872132D0938}"
EndProject
Global
	GlobalSection(SolutionConfigurationPlatforms) = preSolution
		Debug|Any CPU = Debug|Any CPU
		Release|Any CPU = Release|Any CPU
	EndGlobalSection
	GlobalSection(ProjectConfigurationPlatforms) = postSolution
		{BFEFB936-5FE6-44F4-87BC-1872132D0938}.Debug|Any CPU.ActiveCfg = Debug|Any CPU
		{BFEFB936-5FE6-44F4-87BC-1872132D0938}.Debug|Any CPU.Build.0 = Debug|Any CPU
		{BFEFB936-5FE6-44F4-87BC-1872132D0938}.Release|Any CPU.ActiveCfg = Release|Any CPU
		{BFEFB936-5FE6-44F4-87BC-1872132D0938}.Release|Any CPU.Build.0 = Release|Any CPU
	EndGlobalSection
	GlobalSection(SolutionProperties) = preSolution
		HideSolutionNode = FALSE
	EndGlobalSection
	GlobalSection(ExtensibilityGlobals) = postSolution
		SolutionGuid = {3EB18087-5916-4E9C-A157-55E561017EF5}
	EndGlobalSection
EndGlobal
